<Solution>
  <Project Path="Scm.Application/Scm.Application.csproj" />
  <Project Path="Scm.Domain/Scm.Domain.csproj" />
  <Project Path="Scm.Infrastructure/Scm.Infrastructure.csproj" />
  <Project Path="Scm.Web/Scm.Web.csproj" />
  <Project Path="Scm.Application.Tests/Scm.Application.Tests.csproj" />
</Solution>
